
Microsoft Visual Studio Solution File, Format Version 12.00
# Visual Studio 15
VisualStudioVersion = 15.0.27703.2000
MinimumVisualStudioVersion = 10.0.40219.1
Project("{FAE04EC0-301F-11D3-BF4B-00C04F79EFBC}") = "ET49_DibujaSkia.Android", "ET49_DibujaSkia\ET49_DibujaSkia.Android\ET49_DibujaSkia.Android.csproj", "{D5B4C5B9-F536-4605-A6F8-6FFF46324B43}"
EndProject
Project("{FAE04EC0-301F-11D3-BF4B-00C04F79EFBC}") = "ET49_DibujaSkia.iOS", "ET49_DibujaSkia\ET49_DibujaSkia.iOS\ET49_DibujaSkia.iOS.csproj", "{A58FC7C7-8D83-4B72-889C-F6F044B1A519}"
EndProject
Project("{FAE04EC0-301F-11D3-BF4B-00C04F79EFBC}") = "ET49_DibujaSkia.UWP", "ET49_DibujaSkia\ET49_DibujaSkia.UWP\ET49_DibujaSkia.UWP.csproj", "{72FA26C0-C717-48E9-91B4-3AD2C31CBD9C}"
EndProject
Project("{FAE04EC0-301F-11D3-BF4B-00C04F79EFBC}") = "ET49_DibujaSkia", "ET49_DibujaSkia\ET49_DibujaSkia\ET49_DibujaSkia.csproj", "{2584D0ED-6D64-42FC-8F31-735EC6A1BACC}"
EndProject
Global
	GlobalSection(SolutionConfigurationPlatforms) = preSolution
		Ad-Hoc|Any CPU = Ad-Hoc|Any CPU
		Ad-Hoc|ARM = Ad-Hoc|ARM
		Ad-Hoc|iPhone = Ad-Hoc|iPhone
		Ad-Hoc|iPhoneSimulator = Ad-Hoc|iPhoneSimulator
		Ad-Hoc|x64 = Ad-Hoc|x64
		Ad-Hoc|x86 = Ad-Hoc|x86
		AppStore|Any CPU = AppStore|Any CPU
		AppStore|ARM = AppStore|ARM
		AppStore|iPhone = AppStore|iPhone
		AppStore|iPhoneSimulator = AppStore|iPhoneSimulator
		AppStore|x64 = AppStore|x64
		AppStore|x86 = AppStore|x86
		Debug|Any CPU = Debug|Any CPU
		Debug|ARM = Debug|ARM
		Debug|iPhone = Debug|iPhone
		Debug|iPhoneSimulator = Debug|iPhoneSimulator
		Debug|x64 = Debug|x64
		Debug|x86 = Debug|x86
		Release|Any CPU = Release|Any CPU
		Release|ARM = Release|ARM
		Release|iPhone = Release|iPhone
		Release|iPhoneSimulator = Release|iPhoneSimulator
		Release|x64 = Release|x64
		Release|x86 = Release|x86
	EndGlobalSection
	GlobalSection(ProjectConfigurationPlatforms) = postSolution
		{D5B4C5B9-F536-4605-A6F8-6FFF46324B43}.Ad-Hoc|Any CPU.ActiveCfg = Release|Any CPU
		{D5B4C5B9-F536-4605-A6F8-6FFF46324B43}.Ad-Hoc|Any CPU.Build.0 = Release|Any CPU
		{D5B4C5B9-F536-4605-A6F8-6FFF46324B43}.Ad-Hoc|Any CPU.Deploy.0 = Release|Any CPU
		{D5B4C5B9-F536-4605-A6F8-6FFF46324B43}.Ad-Hoc|ARM.ActiveCfg = Release|Any CPU
		{D5B4C5B9-F536-4605-A6F8-6FFF46324B43}.Ad-Hoc|ARM.Build.0 = Release|Any CPU
		{D5B4C5B9-F536-4605-A6F8-6FFF46324B43}.Ad-Hoc|ARM.Deploy.0 = Release|Any CPU
		{D5B4C5B9-F536-4605-A6F8-6FFF46324B43}.Ad-Hoc|iPhone.ActiveCfg = Release|Any CPU
		{D5B4C5B9-F536-4605-A6F8-6FFF46324B43}.Ad-Hoc|iPhone.Build.0 = Release|Any CPU
		{D5B4C5B9-F536-4605-A6F8-6FFF46324B43}.Ad-Hoc|iPhone.Deploy.0 = Release|Any CPU
		{D5B4C5B9-F536-4605-A6F8-6FFF46324B43}.Ad-Hoc|iPhoneSimulator.ActiveCfg = Release|Any CPU
		{D5B4C5B9-F536-4605-A6F8-6FFF46324B43}.Ad-Hoc|iPhoneSimulator.Build.0 = Release|Any CPU
		{D5B4C5B9-F536-4605-A6F8-6FFF46324B43}.Ad-Hoc|iPhoneSimulator.Deploy.0 = Release|Any CPU
		{D5B4C5B9-F536-4605-A6F8-6FFF46324B43}.Ad-Hoc|x64.ActiveCfg = Release|Any CPU
		{D5B4C5B9-F536-4605-A6F8-6FFF46324B43}.Ad-Hoc|x64.Build.0 = Release|Any CPU
		{D5B4C5B9-F536-4605-A6F8-6FFF46324B43}.Ad-Hoc|x64.Deploy.0 = Release|Any CPU
		{D5B4C5B9-F536-4605-A6F8-6FFF46324B43}.Ad-Hoc|x86.ActiveCfg = Release|Any CPU
		{D5B4C5B9-F536-4605-A6F8-6FFF46324B43}.Ad-Hoc|x86.Build.0 = Release|Any CPU
		{D5B4C5B9-F536-4605-A6F8-6FFF46324B43}.Ad-Hoc|x86.Deploy.0 = Release|Any CPU
		{D5B4C5B9-F536-4605-A6F8-6FFF46324B43}.AppStore|Any CPU.ActiveCfg = Release|Any CPU
		{D5B4C5B9-F536-4605-A6F8-6FFF46324B43}.AppStore|Any CPU.Build.0 = Release|Any CPU
		{D5B4C5B9-F536-4605-A6F8-6FFF46324B43}.AppStore|Any CPU.Deploy.0 = Release|Any CPU
		{D5B4C5B9-F536-4605-A6F8-6FFF46324B43}.AppStore|ARM.ActiveCfg = Release|Any CPU
		{D5B4C5B9-F536-4605-A6F8-6FFF46324B43}.AppStore|ARM.Build.0 = Release|Any CPU
		{D5B4C5B9-F536-4605-A6F8-6FFF46324B43}.AppStore|ARM.Deploy.0 = Release|Any CPU
		{D5B4C5B9-F536-4605-A6F8-6FFF46324B43}.AppStore|iPhone.ActiveCfg = Release|Any CPU
		{D5B4C5B9-F536-4605-A6F8-6FFF46324B43}.AppStore|iPhone.Build.0 = Release|Any CPU
		{D5B4C5B9-F536-4605-A6F8-6FFF46324B43}.AppStore|iPhone.Deploy.0 = Release|Any CPU
		{D5B4C5B9-F536-4605-A6F8-6FFF46324B43}.AppStore|iPhoneSimulator.ActiveCfg = Release|Any CPU
		{D5B4C5B9-F536-4605-A6F8-6FFF46324B43}.AppStore|iPhoneSimulator.Build.0 = Release|Any CPU
		{D5B4C5B9-F536-4605-A6F8-6FFF46324B43}.AppStore|iPhoneSimulator.Deploy.0 = Release|Any CPU
		{D5B4C5B9-F536-4605-A6F8-6FFF46324B43}.AppStore|x64.ActiveCfg = Release|Any CPU
		{D5B4C5B9-F536-4605-A6F8-6FFF46324B43}.AppStore|x64.Build.0 = Release|Any CPU
		{D5B4C5B9-F536-4605-A6F8-6FFF46324B43}.AppStore|x64.Deploy.0 = Release|Any CPU
		{D5B4C5B9-F536-4605-A6F8-6FFF46324B43}.AppStore|x86.ActiveCfg = Release|Any CPU
		{D5B4C5B9-F536-4605-A6F8-6FFF46324B43}.AppStore|x86.Build.0 = Release|Any CPU
		{D5B4C5B9-F536-4605-A6F8-6FFF46324B43}.AppStore|x86.Deploy.0 = Release|Any CPU
		{D5B4C5B9-F536-4605-A6F8-6FFF46324B43}.Debug|Any CPU.ActiveCfg = Debug|Any CPU
		{D5B4C5B9-F536-4605-A6F8-6FFF46324B43}.Debug|Any CPU.Build.0 = Debug|Any CPU
		{D5B4C5B9-F536-4605-A6F8-6FFF46324B43}.Debug|Any CPU.Deploy.0 = Debug|Any CPU
		{D5B4C5B9-F536-4605-A6F8-6FFF46324B43}.Debug|ARM.ActiveCfg = Debug|Any CPU
		{D5B4C5B9-F536-4605-A6F8-6FFF46324B43}.Debug|ARM.Build.0 = Debug|Any CPU
		{D5B4C5B9-F536-4605-A6F8-6FFF46324B43}.Debug|ARM.Deploy.0 = Debug|Any CPU
		{D5B4C5B9-F536-4605-A6F8-6FFF46324B43}.Debug|iPhone.ActiveCfg = Debug|Any CPU
		{D5B4C5B9-F536-4605-A6F8-6FFF46324B43}.Debug|iPhone.Build.0 = Debug|Any CPU
		{D5B4C5B9-F536-4605-A6F8-6FFF46324B43}.Debug|iPhone.Deploy.0 = Debug|Any CPU
		{D5B4C5B9-F536-4605-A6F8-6FFF46324B43}.Debug|iPhoneSimulator.ActiveCfg = Debug|Any CPU
		{D5B4C5B9-F536-4605-A6F8-6FFF46324B43}.Debug|iPhoneSimulator.Build.0 = Debug|Any CPU
		{D5B4C5B9-F536-4605-A6F8-6FFF46324B43}.Debug|iPhoneSimulator.Deploy.0 = Debug|Any CPU
		{D5B4C5B9-F536-4605-A6F8-6FFF46324B43}.Debug|x64.ActiveCfg = Debug|Any CPU
		{D5B4C5B9-F536-4605-A6F8-6FFF46324B43}.Debug|x64.Build.0 = Debug|Any CPU
		{D5B4C5B9-F536-4605-A6F8-6FFF46324B43}.Debug|x64.Deploy.0 = Debug|Any CPU
		{D5B4C5B9-F536-4605-A6F8-6FFF46324B43}.Debug|x86.ActiveCfg = Debug|Any CPU
		{D5B4C5B9-F536-4605-A6F8-6FFF46324B43}.Debug|x86.Build.0 = Debug|Any CPU
		{D5B4C5B9-F536-4605-A6F8-6FFF46324B43}.Debug|x86.Deploy.0 = Debug|Any CPU
		{D5B4C5B9-F536-4605-A6F8-6FFF46324B43}.Release|Any CPU.ActiveCfg = Release|Any CPU
		{D5B4C5B9-F536-4605-A6F8-6FFF46324B43}.Release|Any CPU.Build.0 = Release|Any CPU
		{D5B4C5B9-F536-4605-A6F8-6FFF46324B43}.Release|Any CPU.Deploy.0 = Release|Any CPU
		{D5B4C5B9-F536-4605-A6F8-6FFF46324B43}.Release|ARM.ActiveCfg = Release|Any CPU
		{D5B4C5B9-F536-4605-A6F8-6FFF46324B43}.Release|ARM.Build.0 = Release|Any CPU
		{D5B4C5B9-F536-4605-A6F8-6FFF46324B43}.Release|ARM.Deploy.0 = Release|Any CPU
		{D5B4C5B9-F536-4605-A6F8-6FFF46324B43}.Release|iPhone.ActiveCfg = Release|Any CPU
		{D5B4C5B9-F536-4605-A6F8-6FFF46324B43}.Release|iPhone.Build.0 = Release|Any CPU
		{D5B4C5B9-F536-4605-A6F8-6FFF46324B43}.Release|iPhone.Deploy.0 = Release|Any CPU
		{D5B4C5B9-F536-4605-A6F8-6FFF46324B43}.Release|iPhoneSimulator.ActiveCfg = Release|Any CPU
		{D5B4C5B9-F536-4605-A6F8-6FFF46324B43}.Release|iPhoneSimulator.Build.0 = Release|Any CPU
		{D5B4C5B9-F536-4605-A6F8-6FFF46324B43}.Release|iPhoneSimulator.Deploy.0 = Release|Any CPU
		{D5B4C5B9-F536-4605-A6F8-6FFF46324B43}.Release|x64.ActiveCfg = Release|Any CPU
		{D5B4C5B9-F536-4605-A6F8-6FFF46324B43}.Release|x64.Build.0 = Release|Any CPU
		{D5B4C5B9-F536-4605-A6F8-6FFF46324B43}.Release|x64.Deploy.0 = Release|Any CPU
		{D5B4C5B9-F536-4605-A6F8-6FFF46324B43}.Release|x86.ActiveCfg = Release|Any CPU
		{D5B4C5B9-F536-4605-A6F8-6FFF46324B43}.Release|x86.Build.0 = Release|Any CPU
		{D5B4C5B9-F536-4605-A6F8-6FFF46324B43}.Release|x86.Deploy.0 = Release|Any CPU
		{A58FC7C7-8D83-4B72-889C-F6F044B1A519}.Ad-Hoc|Any CPU.ActiveCfg = Ad-Hoc|iPhone
		{A58FC7C7-8D83-4B72-889C-F6F044B1A519}.Ad-Hoc|Any CPU.Build.0 = Ad-Hoc|iPhone
		{A58FC7C7-8D83-4B72-889C-F6F044B1A519}.Ad-Hoc|Any CPU.Deploy.0 = Ad-Hoc|iPhone
		{A58FC7C7-8D83-4B72-889C-F6F044B1A519}.Ad-Hoc|ARM.ActiveCfg = Ad-Hoc|iPhone
		{A58FC7C7-8D83-4B72-889C-F6F044B1A519}.Ad-Hoc|ARM.Build.0 = Ad-Hoc|iPhone
		{A58FC7C7-8D83-4B72-889C-F6F044B1A519}.Ad-Hoc|ARM.Deploy.0 = Ad-Hoc|iPhone
		{A58FC7C7-8D83-4B72-889C-F6F044B1A519}.Ad-Hoc|iPhone.ActiveCfg = Ad-Hoc|iPhone
		{A58FC7C7-8D83-4B72-889C-F6F044B1A519}.Ad-Hoc|iPhone.Build.0 = Ad-Hoc|iPhone
		{A58FC7C7-8D83-4B72-889C-F6F044B1A519}.Ad-Hoc|iPhone.Deploy.0 = Ad-Hoc|iPhone
		{A58FC7C7-8D83-4B72-889C-F6F044B1A519}.Ad-Hoc|iPhoneSimulator.ActiveCfg = Ad-Hoc|iPhoneSimulator
		{A58FC7C7-8D83-4B72-889C-F6F044B1A519}.Ad-Hoc|iPhoneSimulator.Build.0 = Ad-Hoc|iPhoneSimulator
		{A58FC7C7-8D83-4B72-889C-F6F044B1A519}.Ad-Hoc|iPhoneSimulator.Deploy.0 = Ad-Hoc|iPhoneSimulator
		{A58FC7C7-8D83-4B72-889C-F6F044B1A519}.Ad-Hoc|x64.ActiveCfg = Ad-Hoc|iPhone
		{A58FC7C7-8D83-4B72-889C-F6F044B1A519}.Ad-Hoc|x64.Build.0 = Ad-Hoc|iPhone
		{A58FC7C7-8D83-4B72-889C-F6F044B1A519}.Ad-Hoc|x64.Deploy.0 = Ad-Hoc|iPhone
		{A58FC7C7-8D83-4B72-889C-F6F044B1A519}.Ad-Hoc|x86.ActiveCfg = Ad-Hoc|iPhone
		{A58FC7C7-8D83-4B72-889C-F6F044B1A519}.Ad-Hoc|x86.Build.0 = Ad-Hoc|iPhone
		{A58FC7C7-8D83-4B72-889C-F6F044B1A519}.Ad-Hoc|x86.Deploy.0 = Ad-Hoc|iPhone
		{A58FC7C7-8D83-4B72-889C-F6F044B1A519}.AppStore|Any CPU.ActiveCfg = AppStore|iPhone
		{A58FC7C7-8D83-4B72-889C-F6F044B1A519}.AppStore|Any CPU.Build.0 = AppStore|iPhone
		{A58FC7C7-8D83-4B72-889C-F6F044B1A519}.AppStore|Any CPU.Deploy.0 = AppStore|iPhone
		{A58FC7C7-8D83-4B72-889C-F6F044B1A519}.AppStore|ARM.ActiveCfg = AppStore|iPhone
		{A58FC7C7-8D83-4B72-889C-F6F044B1A519}.AppStore|ARM.Build.0 = AppStore|iPhone
		{A58FC7C7-8D83-4B72-889C-F6F044B1A519}.AppStore|ARM.Deploy.0 = AppStore|iPhone
		{A58FC7C7-8D83-4B72-889C-F6F044B1A519}.AppStore|iPhone.ActiveCfg = AppStore|iPhone
		{A58FC7C7-8D83-4B72-889C-F6F044B1A519}.AppStore|iPhone.Build.0 = AppStore|iPhone
		{A58FC7C7-8D83-4B72-889C-F6F044B1A519}.AppStore|iPhone.Deploy.0 = AppStore|iPhone
		{A58FC7C7-8D83-4B72-889C-F6F044B1A519}.AppStore|iPhoneSimulator.ActiveCfg = AppStore|iPhoneSimulator
		{A58FC7C7-8D83-4B72-889C-F6F044B1A519}.AppStore|iPhoneSimulator.Build.0 = AppStore|iPhoneSimulator
		{A58FC7C7-8D83-4B72-889C-F6F044B1A519}.AppStore|iPhoneSimulator.Deploy.0 = AppStore|iPhoneSimulator
		{A58FC7C7-8D83-4B72-889C-F6F044B1A519}.AppStore|x64.ActiveCfg = AppStore|iPhone
		{A58FC7C7-8D83-4B72-889C-F6F044B1A519}.AppStore|x64.Build.0 = AppStore|iPhone
		{A58FC7C7-8D83-4B72-889C-F6F044B1A519}.AppStore|x64.Deploy.0 = AppStore|iPhone
		{A58FC7C7-8D83-4B72-889C-F6F044B1A519}.AppStore|x86.ActiveCfg = AppStore|iPhone
		{A58FC7C7-8D83-4B72-889C-F6F044B1A519}.AppStore|x86.Build.0 = AppStore|iPhone
		{A58FC7C7-8D83-4B72-889C-F6F044B1A519}.AppStore|x86.Deploy.0 = AppStore|iPhone
		{A58FC7C7-8D83-4B72-889C-F6F044B1A519}.Debug|Any CPU.ActiveCfg = Debug|iPhoneSimulator
		{A58FC7C7-8D83-4B72-889C-F6F044B1A519}.Debug|Any CPU.Build.0 = Debug|iPhoneSimulator
		{A58FC7C7-8D83-4B72-889C-F6F044B1A519}.Debug|Any CPU.Deploy.0 = Debug|iPhoneSimulator
		{A58FC7C7-8D83-4B72-889C-F6F044B1A519}.Debug|ARM.ActiveCfg = Debug|iPhone
		{A58FC7C7-8D83-4B72-889C-F6F044B1A519}.Debug|ARM.Build.0 = Debug|iPhone
		{A58FC7C7-8D83-4B72-889C-F6F044B1A519}.Debug|ARM.Deploy.0 = Debug|iPhone
		{A58FC7C7-8D83-4B72-889C-F6F044B1A519}.Debug|iPhone.ActiveCfg = Debug|iPhone
		{A58FC7C7-8D83-4B72-889C-F6F044B1A519}.Debug|iPhone.Build.0 = Debug|iPhone
		{A58FC7C7-8D83-4B72-889C-F6F044B1A519}.Debug|iPhone.Deploy.0 = Debug|iPhone
		{A58FC7C7-8D83-4B72-889C-F6F044B1A519}.Debug|iPhoneSimulator.ActiveCfg = Debug|iPhoneSimulator
		{A58FC7C7-8D83-4B72-889C-F6F044B1A519}.Debug|iPhoneSimulator.Build.0 = Debug|iPhoneSimulator
		{A58FC7C7-8D83-4B72-889C-F6F044B1A519}.Debug|iPhoneSimulator.Deploy.0 = Debug|iPhoneSimulator
		{A58FC7C7-8D83-4B72-889C-F6F044B1A519}.Debug|x64.ActiveCfg = Debug|iPhone
		{A58FC7C7-8D83-4B72-889C-F6F044B1A519}.Debug|x64.Build.0 = Debug|iPhone
		{A58FC7C7-8D83-4B72-889C-F6F044B1A519}.Debug|x64.Deploy.0 = Debug|iPhone
		{A58FC7C7-8D83-4B72-889C-F6F044B1A519}.Debug|x86.ActiveCfg = Debug|iPhone
		{A58FC7C7-8D83-4B72-889C-F6F044B1A519}.Debug|x86.Build.0 = Debug|iPhone
		{A58FC7C7-8D83-4B72-889C-F6F044B1A519}.Debug|x86.Deploy.0 = Debug|iPhone
		{A58FC7C7-8D83-4B72-889C-F6F044B1A519}.Release|Any CPU.ActiveCfg = Release|iPhone
		{A58FC7C7-8D83-4B72-889C-F6F044B1A519}.Release|Any CPU.Build.0 = Release|iPhone
		{A58FC7C7-8D83-4B72-889C-F6F044B1A519}.Release|Any CPU.Deploy.0 = Release|iPhone
		{A58FC7C7-8D83-4B72-889C-F6F044B1A519}.Release|ARM.ActiveCfg = Release|iPhone
		{A58FC7C7-8D83-4B72-889C-F6F044B1A519}.Release|ARM.Build.0 = Release|iPhone
		{A58FC7C7-8D83-4B72-889C-F6F044B1A519}.Release|ARM.Deploy.0 = Release|iPhone
		{A58FC7C7-8D83-4B72-889C-F6F044B1A519}.Release|iPhone.ActiveCfg = Release|iPhone
		{A58FC7C7-8D83-4B72-889C-F6F044B1A519}.Release|iPhone.Build.0 = Release|iPhone
		{A58FC7C7-8D83-4B72-889C-F6F044B1A519}.Release|iPhone.Deploy.0 = Release|iPhone
		{A58FC7C7-8D83-4B72-889C-F6F044B1A519}.Release|iPhoneSimulator.ActiveCfg = Release|iPhoneSimulator
		{A58FC7C7-8D83-4B72-889C-F6F044B1A519}.Release|iPhoneSimulator.Build.0 = Release|iPhoneSimulator
		{A58FC7C7-8D83-4B72-889C-F6F044B1A519}.Release|iPhoneSimulator.Deploy.0 = Release|iPhoneSimulator
		{A58FC7C7-8D83-4B72-889C-F6F044B1A519}.Release|x64.ActiveCfg = Release|iPhone
		{A58FC7C7-8D83-4B72-889C-F6F044B1A519}.Release|x64.Build.0 = Release|iPhone
		{A58FC7C7-8D83-4B72-889C-F6F044B1A519}.Release|x64.Deploy.0 = Release|iPhone
		{A58FC7C7-8D83-4B72-889C-F6F044B1A519}.Release|x86.ActiveCfg = Release|iPhone
		{A58FC7C7-8D83-4B72-889C-F6F044B1A519}.Release|x86.Build.0 = Release|iPhone
		{A58FC7C7-8D83-4B72-889C-F6F044B1A519}.Release|x86.Deploy.0 = Release|iPhone
		{72FA26C0-C717-48E9-91B4-3AD2C31CBD9C}.Ad-Hoc|Any CPU.ActiveCfg = Release|x86
		{72FA26C0-C717-48E9-91B4-3AD2C31CBD9C}.Ad-Hoc|Any CPU.Build.0 = Release|x86
		{72FA26C0-C717-48E9-91B4-3AD2C31CBD9C}.Ad-Hoc|Any CPU.Deploy.0 = Release|x86
		{72FA26C0-C717-48E9-91B4-3AD2C31CBD9C}.Ad-Hoc|ARM.ActiveCfg = Release|ARM
		{72FA26C0-C717-48E9-91B4-3AD2C31CBD9C}.Ad-Hoc|ARM.Build.0 = Release|ARM
		{72FA26C0-C717-48E9-91B4-3AD2C31CBD9C}.Ad-Hoc|ARM.Deploy.0 = Release|ARM
		{72FA26C0-C717-48E9-91B4-3AD2C31CBD9C}.Ad-Hoc|iPhone.ActiveCfg = Release|x86
		{72FA26C0-C717-48E9-91B4-3AD2C31CBD9C}.Ad-Hoc|iPhone.Build.0 = Release|x86
		{72FA26C0-C717-48E9-91B4-3AD2C31CBD9C}.Ad-Hoc|iPhone.Deploy.0 = Release|x86
		{72FA26C0-C717-48E9-91B4-3AD2C31CBD9C}.Ad-Hoc|iPhoneSimulator.ActiveCfg = Release|x86
		{72FA26C0-C717-48E9-91B4-3AD2C31CBD9C}.Ad-Hoc|iPhoneSimulator.Build.0 = Release|x86
		{72FA26C0-C717-48E9-91B4-3AD2C31CBD9C}.Ad-Hoc|iPhoneSimulator.Deploy.0 = Release|x86
		{72FA26C0-C717-48E9-91B4-3AD2C31CBD9C}.Ad-Hoc|x64.ActiveCfg = Release|x64
		{72FA26C0-C717-48E9-91B4-3AD2C31CBD9C}.Ad-Hoc|x64.Build.0 = Release|x64
		{72FA26C0-C717-48E9-91B4-3AD2C31CBD9C}.Ad-Hoc|x64.Deploy.0 = Release|x64
		{72FA26C0-C717-48E9-91B4-3AD2C31CBD9C}.Ad-Hoc|x86.ActiveCfg = Release|x86
		{72FA26C0-C717-48E9-91B4-3AD2C31CBD9C}.Ad-Hoc|x86.Build.0 = Release|x86
		{72FA26C0-C717-48E9-91B4-3AD2C31CBD9C}.Ad-Hoc|x86.Deploy.0 = Release|x86
		{72FA26C0-C717-48E9-91B4-3AD2C31CBD9C}.AppStore|Any CPU.ActiveCfg = Release|x86
		{72FA26C0-C717-48E9-91B4-3AD2C31CBD9C}.AppStore|Any CPU.Build.0 = Release|x86
		{72FA26C0-C717-48E9-91B4-3AD2C31CBD9C}.AppStore|Any CPU.Deploy.0 = Release|x86
		{72FA26C0-C717-48E9-91B4-3AD2C31CBD9C}.AppStore|ARM.ActiveCfg = Release|ARM
		{72FA26C0-C717-48E9-91B4-3AD2C31CBD9C}.AppStore|ARM.Build.0 = Release|ARM
		{72FA26C0-C717-48E9-91B4-3AD2C31CBD9C}.AppStore|ARM.Deploy.0 = Release|ARM
		{72FA26C0-C717-48E9-91B4-3AD2C31CBD9C}.AppStore|iPhone.ActiveCfg = Release|x86
		{72FA26C0-C717-48E9-91B4-3AD2C31CBD9C}.AppStore|iPhone.Build.0 = Release|x86
		{72FA26C0-C717-48E9-91B4-3AD2C31CBD9C}.AppStore|iPhone.Deploy.0 = Release|x86
		{72FA26C0-C717-48E9-91B4-3AD2C31CBD9C}.AppStore|iPhoneSimulator.ActiveCfg = Release|x86
		{72FA26C0-C717-48E9-91B4-3AD2C31CBD9C}.AppStore|iPhoneSimulator.Build.0 = Release|x86
		{72FA26C0-C717-48E9-91B4-3AD2C31CBD9C}.AppStore|iPhoneSimulator.Deploy.0 = Release|x86
		{72FA26C0-C717-48E9-91B4-3AD2C31CBD9C}.AppStore|x64.ActiveCfg = Release|x64
		{72FA26C0-C717-48E9-91B4-3AD2C31CBD9C}.AppStore|x64.Build.0 = Release|x64
		{72FA26C0-C717-48E9-91B4-3AD2C31CBD9C}.AppStore|x64.Deploy.0 = Release|x64
		{72FA26C0-C717-48E9-91B4-3AD2C31CBD9C}.AppStore|x86.ActiveCfg = Release|x86
		{72FA26C0-C717-48E9-91B4-3AD2C31CBD9C}.AppStore|x86.Build.0 = Release|x86
		{72FA26C0-C717-48E9-91B4-3AD2C31CBD9C}.AppStore|x86.Deploy.0 = Release|x86
		{72FA26C0-C717-48E9-91B4-3AD2C31CBD9C}.Debug|Any CPU.ActiveCfg = Debug|x86
		{72FA26C0-C717-48E9-91B4-3AD2C31CBD9C}.Debug|Any CPU.Build.0 = Debug|x86
		{72FA26C0-C717-48E9-91B4-3AD2C31CBD9C}.Debug|Any CPU.Deploy.0 = Debug|x86
		{72FA26C0-C717-48E9-91B4-3AD2C31CBD9C}.Debug|ARM.ActiveCfg = Debug|ARM
		{72FA26C0-C717-48E9-91B4-3AD2C31CBD9C}.Debug|ARM.Build.0 = Debug|ARM
		{72FA26C0-C717-48E9-91B4-3AD2C31CBD9C}.Debug|ARM.Deploy.0 = Debug|ARM
		{72FA26C0-C717-48E9-91B4-3AD2C31CBD9C}.Debug|iPhone.ActiveCfg = Debug|x86
		{72FA26C0-C717-48E9-91B4-3AD2C31CBD9C}.Debug|iPhone.Build.0 = Debug|x86
		{72FA26C0-C717-48E9-91B4-3AD2C31CBD9C}.Debug|iPhone.Deploy.0 = Debug|x86
		{72FA26C0-C717-48E9-91B4-3AD2C31CBD9C}.Debug|iPhoneSimulator.ActiveCfg = Debug|x86
		{72FA26C0-C717-48E9-91B4-3AD2C31CBD9C}.Debug|iPhoneSimulator.Build.0 = Debug|x86
		{72FA26C0-C717-48E9-91B4-3AD2C31CBD9C}.Debug|iPhoneSimulator.Deploy.0 = Debug|x86
		{72FA26C0-C717-48E9-91B4-3AD2C31CBD9C}.Debug|x64.ActiveCfg = Debug|x64
		{72FA26C0-C717-48E9-91B4-3AD2C31CBD9C}.Debug|x64.Build.0 = Debug|x64
		{72FA26C0-C717-48E9-91B4-3AD2C31CBD9C}.Debug|x64.Deploy.0 = Debug|x64
		{72FA26C0-C717-48E9-91B4-3AD2C31CBD9C}.Debug|x86.ActiveCfg = Debug|x86
		{72FA26C0-C717-48E9-91B4-3AD2C31CBD9C}.Debug|x86.Build.0 = Debug|x86
		{72FA26C0-C717-48E9-91B4-3AD2C31CBD9C}.Debug|x86.Deploy.0 = Debug|x86
		{72FA26C0-C717-48E9-91B4-3AD2C31CBD9C}.Release|Any CPU.ActiveCfg = Release|x86
		{72FA26C0-C717-48E9-91B4-3AD2C31CBD9C}.Release|Any CPU.Build.0 = Release|x86
		{72FA26C0-C717-48E9-91B4-3AD2C31CBD9C}.Release|Any CPU.Deploy.0 = Release|x86
		{72FA26C0-C717-48E9-91B4-3AD2C31CBD9C}.Release|ARM.ActiveCfg = Release|ARM
		{72FA26C0-C717-48E9-91B4-3AD2C31CBD9C}.Release|ARM.Build.0 = Release|ARM
		{72FA26C0-C717-48E9-91B4-3AD2C31CBD9C}.Release|ARM.Deploy.0 = Release|ARM
		{72FA26C0-C717-48E9-91B4-3AD2C31CBD9C}.Release|iPhone.ActiveCfg = Release|x86
		{72FA26C0-C717-48E9-91B4-3AD2C31CBD9C}.Release|iPhone.Build.0 = Release|x86
		{72FA26C0-C717-48E9-91B4-3AD2C31CBD9C}.Release|iPhone.Deploy.0 = Release|x86
		{72FA26C0-C717-48E9-91B4-3AD2C31CBD9C}.Release|iPhoneSimulator.ActiveCfg = Release|x86
		{72FA26C0-C717-48E9-91B4-3AD2C31CBD9C}.Release|iPhoneSimulator.Build.0 = Release|x86
		{72FA26C0-C717-48E9-91B4-3AD2C31CBD9C}.Release|iPhoneSimulator.Deploy.0 = Release|x86
		{72FA26C0-C717-48E9-91B4-3AD2C31CBD9C}.Release|x64.ActiveCfg = Release|x64
		{72FA26C0-C717-48E9-91B4-3AD2C31CBD9C}.Release|x64.Build.0 = Release|x64
		{72FA26C0-C717-48E9-91B4-3AD2C31CBD9C}.Release|x64.Deploy.0 = Release|x64
		{72FA26C0-C717-48E9-91B4-3AD2C31CBD9C}.Release|x86.ActiveCfg = Release|x86
		{72FA26C0-C717-48E9-91B4-3AD2C31CBD9C}.Release|x86.Build.0 = Release|x86
		{72FA26C0-C717-48E9-91B4-3AD2C31CBD9C}.Release|x86.Deploy.0 = Release|x86
		{2584D0ED-6D64-42FC-8F31-735EC6A1BACC}.Ad-Hoc|Any CPU.ActiveCfg = Debug|Any CPU
		{2584D0ED-6D64-42FC-8F31-735EC6A1BACC}.Ad-Hoc|Any CPU.Build.0 = Debug|Any CPU
		{2584D0ED-6D64-42FC-8F31-735EC6A1BACC}.Ad-Hoc|Any CPU.Deploy.0 = Debug|Any CPU
		{2584D0ED-6D64-42FC-8F31-735EC6A1BACC}.Ad-Hoc|ARM.ActiveCfg = Debug|Any CPU
		{2584D0ED-6D64-42FC-8F31-735EC6A1BACC}.Ad-Hoc|ARM.Build.0 = Debug|Any CPU
		{2584D0ED-6D64-42FC-8F31-735EC6A1BACC}.Ad-Hoc|ARM.Deploy.0 = Debug|Any CPU
		{2584D0ED-6D64-42FC-8F31-735EC6A1BACC}.Ad-Hoc|iPhone.ActiveCfg = Debug|Any CPU
		{2584D0ED-6D64-42FC-8F31-735EC6A1BACC}.Ad-Hoc|iPhone.Build.0 = Debug|Any CPU
		{2584D0ED-6D64-42FC-8F31-735EC6A1BACC}.Ad-Hoc|iPhone.Deploy.0 = Debug|Any CPU
		{2584D0ED-6D64-42FC-8F31-735EC6A1BACC}.Ad-Hoc|iPhoneSimulator.ActiveCfg = Debug|Any CPU
		{2584D0ED-6D64-42FC-8F31-735EC6A1BACC}.Ad-Hoc|iPhoneSimulator.Build.0 = Debug|Any CPU
		{2584D0ED-6D64-42FC-8F31-735EC6A1BACC}.Ad-Hoc|iPhoneSimulator.Deploy.0 = Debug|Any CPU
		{2584D0ED-6D64-42FC-8F31-735EC6A1BACC}.Ad-Hoc|x64.ActiveCfg = Debug|Any CPU
		{2584D0ED-6D64-42FC-8F31-735EC6A1BACC}.Ad-Hoc|x64.Build.0 = Debug|Any CPU
		{2584D0ED-6D64-42FC-8F31-735EC6A1BACC}.Ad-Hoc|x64.Deploy.0 = Debug|Any CPU
		{2584D0ED-6D64-42FC-8F31-735EC6A1BACC}.Ad-Hoc|x86.ActiveCfg = Debug|Any CPU
		{2584D0ED-6D64-42FC-8F31-735EC6A1BACC}.Ad-Hoc|x86.Build.0 = Debug|Any CPU
		{2584D0ED-6D64-42FC-8F31-735EC6A1BACC}.Ad-Hoc|x86.Deploy.0 = Debug|Any CPU
		{2584D0ED-6D64-42FC-8F31-735EC6A1BACC}.AppStore|Any CPU.ActiveCfg = Debug|Any CPU
		{2584D0ED-6D64-42FC-8F31-735EC6A1BACC}.AppStore|Any CPU.Build.0 = Debug|Any CPU
		{2584D0ED-6D64-42FC-8F31-735EC6A1BACC}.AppStore|Any CPU.Deploy.0 = Debug|Any CPU
		{2584D0ED-6D64-42FC-8F31-735EC6A1BACC}.AppStore|ARM.ActiveCfg = Debug|Any CPU
		{2584D0ED-6D64-42FC-8F31-735EC6A1BACC}.AppStore|ARM.Build.0 = Debug|Any CPU
		{2584D0ED-6D64-42FC-8F31-735EC6A1BACC}.AppStore|ARM.Deploy.0 = Debug|Any CPU
		{2584D0ED-6D64-42FC-8F31-735EC6A1BACC}.AppStore|iPhone.ActiveCfg = Debug|Any CPU
		{2584D0ED-6D64-42FC-8F31-735EC6A1BACC}.AppStore|iPhone.Build.0 = Debug|Any CPU
		{2584D0ED-6D64-42FC-8F31-735EC6A1BACC}.AppStore|iPhone.Deploy.0 = Debug|Any CPU
		{2584D0ED-6D64-42FC-8F31-735EC6A1BACC}.AppStore|iPhoneSimulator.ActiveCfg = Debug|Any CPU
		{2584D0ED-6D64-42FC-8F31-735EC6A1BACC}.AppStore|iPhoneSimulator.Build.0 = Debug|Any CPU
		{2584D0ED-6D64-42FC-8F31-735EC6A1BACC}.AppStore|iPhoneSimulator.Deploy.0 = Debug|Any CPU
		{2584D0ED-6D64-42FC-8F31-735EC6A1BACC}.AppStore|x64.ActiveCfg = Debug|Any CPU
		{2584D0ED-6D64-42FC-8F31-735EC6A1BACC}.AppStore|x64.Build.0 = Debug|Any CPU
		{2584D0ED-6D64-42FC-8F31-735EC6A1BACC}.AppStore|x64.Deploy.0 = Debug|Any CPU
		{2584D0ED-6D64-42FC-8F31-735EC6A1BACC}.AppStore|x86.ActiveCfg = Debug|Any CPU
		{2584D0ED-6D64-42FC-8F31-735EC6A1BACC}.AppStore|x86.Build.0 = Debug|Any CPU
		{2584D0ED-6D64-42FC-8F31-735EC6A1BACC}.AppStore|x86.Deploy.0 = Debug|Any CPU
		{2584D0ED-6D64-42FC-8F31-735EC6A1BACC}.Debug|Any CPU.ActiveCfg = Debug|Any CPU
		{2584D0ED-6D64-42FC-8F31-735EC6A1BACC}.Debug|Any CPU.Build.0 = Debug|Any CPU
		{2584D0ED-6D64-42FC-8F31-735EC6A1BACC}.Debug|Any CPU.Deploy.0 = Debug|Any CPU
		{2584D0ED-6D64-42FC-8F31-735EC6A1BACC}.Debug|ARM.ActiveCfg = Debug|Any CPU
		{2584D0ED-6D64-42FC-8F31-735EC6A1BACC}.Debug|ARM.Build.0 = Debug|Any CPU
		{2584D0ED-6D64-42FC-8F31-735EC6A1BACC}.Debug|ARM.Deploy.0 = Debug|Any CPU
		{2584D0ED-6D64-42FC-8F31-735EC6A1BACC}.Debug|iPhone.ActiveCfg = Debug|Any CPU
		{2584D0ED-6D64-42FC-8F31-735EC6A1BACC}.Debug|iPhone.Build.0 = Debug|Any CPU
		{2584D0ED-6D64-42FC-8F31-735EC6A1BACC}.Debug|iPhone.Deploy.0 = Debug|Any CPU
		{2584D0ED-6D64-42FC-8F31-735EC6A1BACC}.Debug|iPhoneSimulator.ActiveCfg = Debug|Any CPU
		{2584D0ED-6D64-42FC-8F31-735EC6A1BACC}.Debug|iPhoneSimulator.Build.0 = Debug|Any CPU
		{2584D0ED-6D64-42FC-8F31-735EC6A1BACC}.Debug|iPhoneSimulator.Deploy.0 = Debug|Any CPU
		{2584D0ED-6D64-42FC-8F31-735EC6A1BACC}.Debug|x64.ActiveCfg = Debug|Any CPU
		{2584D0ED-6D64-42FC-8F31-735EC6A1BACC}.Debug|x64.Build.0 = Debug|Any CPU
		{2584D0ED-6D64-42FC-8F31-735EC6A1BACC}.Debug|x64.Deploy.0 = Debug|Any CPU
		{2584D0ED-6D64-42FC-8F31-735EC6A1BACC}.Debug|x86.ActiveCfg = Debug|Any CPU
		{2584D0ED-6D64-42FC-8F31-735EC6A1BACC}.Debug|x86.Build.0 = Debug|Any CPU
		{2584D0ED-6D64-42FC-8F31-735EC6A1BACC}.Debug|x86.Deploy.0 = Debug|Any CPU
		{2584D0ED-6D64-42FC-8F31-735EC6A1BACC}.Release|Any CPU.ActiveCfg = Release|Any CPU
		{2584D0ED-6D64-42FC-8F31-735EC6A1BACC}.Release|Any CPU.Build.0 = Release|Any CPU
		{2584D0ED-6D64-42FC-8F31-735EC6A1BACC}.Release|Any CPU.Deploy.0 = Release|Any CPU
		{2584D0ED-6D64-42FC-8F31-735EC6A1BACC}.Release|ARM.ActiveCfg = Release|Any CPU
		{2584D0ED-6D64-42FC-8F31-735EC6A1BACC}.Release|ARM.Build.0 = Release|Any CPU
		{2584D0ED-6D64-42FC-8F31-735EC6A1BACC}.Release|ARM.Deploy.0 = Release|Any CPU
		{2584D0ED-6D64-42FC-8F31-735EC6A1BACC}.Release|iPhone.ActiveCfg = Release|Any CPU
		{2584D0ED-6D64-42FC-8F31-735EC6A1BACC}.Release|iPhone.Build.0 = Release|Any CPU
		{2584D0ED-6D64-42FC-8F31-735EC6A1BACC}.Release|iPhone.Deploy.0 = Release|Any CPU
		{2584D0ED-6D64-42FC-8F31-735EC6A1BACC}.Release|iPhoneSimulator.ActiveCfg = Release|Any CPU
		{2584D0ED-6D64-42FC-8F31-735EC6A1BACC}.Release|iPhoneSimulator.Build.0 = Release|Any CPU
		{2584D0ED-6D64-42FC-8F31-735EC6A1BACC}.Release|iPhoneSimulator.Deploy.0 = Release|Any CPU
		{2584D0ED-6D64-42FC-8F31-735EC6A1BACC}.Release|x64.ActiveCfg = Release|Any CPU
		{2584D0ED-6D64-42FC-8F31-735EC6A1BACC}.Release|x64.Build.0 = Release|Any CPU
		{2584D0ED-6D64-42FC-8F31-735EC6A1BACC}.Release|x64.Deploy.0 = Release|Any CPU
		{2584D0ED-6D64-42FC-8F31-735EC6A1BACC}.Release|x86.ActiveCfg = Release|Any CPU
		{2584D0ED-6D64-42FC-8F31-735EC6A1BACC}.Release|x86.Build.0 = Release|Any CPU
		{2584D0ED-6D64-42FC-8F31-735EC6A1BACC}.Release|x86.Deploy.0 = Release|Any CPU
	EndGlobalSection
	GlobalSection(SolutionProperties) = preSolution
		HideSolutionNode = FALSE
	EndGlobalSection
	GlobalSection(ExtensibilityGlobals) = postSolution
		SolutionGuid = {8F5FA89D-E3FD-4760-AAFA-F35926BD42F1}
	EndGlobalSection
EndGlobal
